<?xml version="1.0" encoding="utf-8"?>
<Project ToolsVersion="4.0" xmlns="http://schemas.microsoft.com/developer/msbuild/2003">
  <ItemGroup>
    <Filter Include="Source Files">
      <UniqueIdentifier>{4FC737F1-C7A5-4376-A066-2A32D752A2FF}</UniqueIdentifier>
      <Extensions>cpp;c;cc;cxx;def;odl;idl;hpj;bat;asm;asmx</Extensions>
    </Filter>
    <Filter Include="Header Files">
      <UniqueIdentifier>{93995380-89BD-4b04-88EB-625FBE52EBFB}</UniqueIdentifier>
      <Extensions>h;hh;hpp;hxx;hm;inl;inc;xsd</Extensions>
    </Filter>
    <Filter Include="Resource Files">
      <UniqueIdentifier>{67DA6AB6-F800-4c08-8B7A-83BB121AAD01}</UniqueIdentifier>
      <Extensions>rc;ico;cur;bmp;dlg;rc2;rct;bin;rgs;gif;jpg;jpeg;jpe;resx;tiff;tif;png;wav;mfcribbon-ms</Extensions>
    </Filter>
    <Filter Include="Source Files\model">
      <UniqueIdentifier>{d0d1cc0d-8036-451b-be7a-3929b6e89d1b}</UniqueIdentifier>
    </Filter>
    <Filter Include="Source Files\model\geo">
      <UniqueIdentifier>{ef96525f-905b-4ac4-b81d-f442dfbed32b}</UniqueIdentifier>
    </Filter>
    <Filter Include="Header Files\model">
      <UniqueIdentifier>{7d29bc78-9cf3-4ee9-894f-0663d44735eb}</UniqueIdentifier>
    </Filter>
    <Filter Include="Header Files\model\geo">
      <UniqueIdentifier>{267ecd08-b1d9-4e00-bcf1-8f4f96ffe3e8}</UniqueIdentifier>
    </Filter>
    <Filter Include="Header Files\view">
      <UniqueIdentifier>{5bf97ed1-0d1b-4ca4-927b-8b32812e4f68}</UniqueIdentifier>
    </Filter>
    <Filter Include="Header Files\view\solidshader">
      <UniqueIdentifier>{40fc9cda-9b9f-428c-8cc7-216ff3dbde19}</UniqueIdentifier>
    </Filter>
    <Filter Include="Header Files\view\solidshader\geo">
      <UniqueIdentifier>{39ef010b-da0f-4a44-9408-d89a850bf8db}</UniqueIdentifier>
    </Filter>
    <Filter Include="Source Files\view">
      <UniqueIdentifier>{11d8f380-6b24-4e9d-9a40-74e31e60e1a8}</UniqueIdentifier>
    </Filter>
    <Filter Include="Source Files\view\solidshader">
      <UniqueIdentifier>{38d315e4-e4b2-4369-bdae-135963a32f6e}</UniqueIdentifier>
    </Filter>
    <Filter Include="Header Files\util">
      <UniqueIdentifier>{382bd395-3457-48b2-b922-3eee7a90d15d}</UniqueIdentifier>
    </Filter>
    <Filter Include="Source Files\util">
      <UniqueIdentifier>{99903d7d-46a3-4f01-a304-8c62c66a5bbe}</UniqueIdentifier>
    </Filter>
    <Filter Include="Source Files\view\solidshader\geo">
      <UniqueIdentifier>{667ddbe0-d81b-48cd-899d-7e79e80790c5}</UniqueIdentifier>
    </Filter>
    <Filter Include="Header Files\sim">
      <UniqueIdentifier>{1329eddc-72a1-4638-9d90-771ac6548404}</UniqueIdentifier>
    </Filter>
    <Filter Include="Source Files\sim">
      <UniqueIdentifier>{5dc851a7-248e-4036-a3aa-0626d981aea1}</UniqueIdentifier>
    </Filter>
    <Filter Include="Source Files\util\camera">
      <UniqueIdentifier>{7d77e97d-68bd-41e9-bc4a-b6df69e1a52e}</UniqueIdentifier>
    </Filter>
    <Filter Include="Header Files\util\camera">
      <UniqueIdentifier>{1afc2cf1-61c0-44f5-96cb-8db42cc07367}</UniqueIdentifier>
    </Filter>
    <Filter Include="Header Files\view\solidshader\assets">
      <UniqueIdentifier>{776d3801-0e8b-447d-8187-eb2e8d062a4e}</UniqueIdentifier>
    </Filter>
    <Filter Include="Source Files\view\solidshader\assets">
      <UniqueIdentifier>{3ec3d9b3-41a2-4a75-8a52-2237510bc287}</UniqueIdentifier>
    </Filter>
    <Filter Include="Header Files\model\specialgeo">
      <UniqueIdentifier>{7205f7b7-2987-4e0e-8d2d-db05a52b8ca5}</UniqueIdentifier>
    </Filter>
    <Filter Include="Header Files\model\specialgeo\metaball">
      <UniqueIdentifier>{66b876e4-195e-4f93-a370-d0a83f477922}</UniqueIdentifier>
    </Filter>
    <Filter Include="Source Files\model\specialgeo">
      <UniqueIdentifier>{2191a9d5-2785-4644-8b8b-c4c719acf50a}</UniqueIdentifier>
    </Filter>
    <Filter Include="Source Files\model\specialgeo\metaball">
      <UniqueIdentifier>{9a33d36e-d5c8-4bae-816b-4e1955c5495b}</UniqueIdentifier>
    </Filter>
    <Filter Include="Source Files\view\special">
      <UniqueIdentifier>{dfd0c62d-d6bd-4414-91c7-1bf2b646d5e5}</UniqueIdentifier>
    </Filter>
    <Filter Include="Header Files\view\special">
      <UniqueIdentifier>{2e0c34a7-2b11-475f-b5e2-342b800f3732}</UniqueIdentifier>
    </Filter>
    <Filter Include="Header Files\view\special\metaball">
      <UniqueIdentifier>{f26876e7-6aea-47d7-bdbc-df049cbbe7d7}</UniqueIdentifier>
    </Filter>
    <Filter Include="Source Files\view\special\metaball">
      <UniqueIdentifier>{9a668f54-0501-40ae-9e77-60f37b52063a}</UniqueIdentifier>
    </Filter>
    <Filter Include="Header Files\util\command">
      <UniqueIdentifier>{93a936f2-2730-446c-84f5-9e290647699d}</UniqueIdentifier>
    </Filter>
    <Filter Include="Source Files\util\command">
      <UniqueIdentifier>{512bbe83-bf30-4964-bb69-9d75eea5c1f1}</UniqueIdentifier>
    </Filter>
    <Filter Include="Header Files\sim\lakescene">
      <UniqueIdentifier>{1a621fc0-d90e-4e64-91f8-c83f117b4584}</UniqueIdentifier>
    </Filter>
    <Filter Include="Source Files\sim\lakescene">
      <UniqueIdentifier>{07d95bfa-ffd8-454b-ab59-8d18544b15d6}</UniqueIdentifier>
    </Filter>
    <Filter Include="Header Files\model\light">
      <UniqueIdentifier>{7b22b461-5d9f-48e4-b2d2-18e387bd8100}</UniqueIdentifier>
    </Filter>
    <Filter Include="Source Files\model\light">
      <UniqueIdentifier>{7c18138c-b418-493c-9521-81460e73dad5}</UniqueIdentifier>
    </Filter>
    <Filter Include="Header Files\view\terrainshader">
      <UniqueIdentifier>{8b50ff24-bd66-4e6e-99fb-17400efa7805}</UniqueIdentifier>
    </Filter>
    <Filter Include="Source Files\view\terrainshader">
      <UniqueIdentifier>{0e84360b-9ee8-4f4a-9537-067eb65228d1}</UniqueIdentifier>
    </Filter>
    <Filter Include="Header Files\view\terrainshader\assets">
      <UniqueIdentifier>{50983f2f-ec52-4118-8df3-9de36cf7dce7}</UniqueIdentifier>
    </Filter>
    <Filter Include="Source Files\view\terrainshader\assets">
      <UniqueIdentifier>{ace887e4-1822-473f-bbbe-3af70775f6a1}</UniqueIdentifier>
    </Filter>
    <Filter Include="Resource Files\shaders">
      <UniqueIdentifier>{6ba049f6-248e-47fb-b7d1-c7388ceec36e}</UniqueIdentifier>
    </Filter>
    <Filter Include="Header Files\view\special\skybox">
      <UniqueIdentifier>{159feabd-c74c-452f-a54e-00162f9bf45b}</UniqueIdentifier>
    </Filter>
    <Filter Include="Source Files\view\special\skybox">
      <UniqueIdentifier>{7a312a35-42a7-4b6a-8b0e-d67184ce1923}</UniqueIdentifier>
    </Filter>
    <Filter Include="Header Files\view\special\watersurface">
      <UniqueIdentifier>{bd421dd9-3d4d-44e6-b2f6-ac4bcbb11477}</UniqueIdentifier>
    </Filter>
    <Filter Include="Source Files\view\special\watersurface">
      <UniqueIdentifier>{c0e08031-0246-421d-b76e-b583d82e097f}</UniqueIdentifier>
    </Filter>
    <Filter Include="Header Files\model\specialgeo\water">
      <UniqueIdentifier>{b513545a-08b7-4751-a650-71dcb24452a5}</UniqueIdentifier>
    </Filter>
    <Filter Include="Source Files\model\specialgeo\water">
      <UniqueIdentifier>{0cd07a27-823a-4eaf-81fb-e7a0068b9836}</UniqueIdentifier>
    </Filter>
    <Filter Include="Header Files\input">
      <UniqueIdentifier>{ef5ebfb2-01e1-4bd2-840e-f84228815b32}</UniqueIdentifier>
    </Filter>
    <Filter Include="Header Files\view\mappedphong">
      <UniqueIdentifier>{9e18834a-5f64-428b-82d0-7ff07d33249c}</UniqueIdentifier>
    </Filter>
    <Filter Include="Source Files\view\mappedphong">
      <UniqueIdentifier>{209dfefd-2e94-4bf4-8d15-46f65a0e3701}</UniqueIdentifier>
    </Filter>
    <Filter Include="Header Files\model\event">
      <UniqueIdentifier>{57fe117d-4144-420f-b520-c563f9205ba3}</UniqueIdentifier>
    </Filter>
    <Filter Include="Source Files\model\event">
      <UniqueIdentifier>{2916d91e-ef05-4475-9855-aeadd89ba6a8}</UniqueIdentifier>
    </Filter>
    <Filter Include="Header Files\sim\lakescene\shaders">
      <UniqueIdentifier>{5735888b-eadc-4cab-8e90-722c3d861c68}</UniqueIdentifier>
    </Filter>
    <Filter Include="Source Files\sim\lakescene\shaders">
      <UniqueIdentifier>{3f3e6191-8fba-408b-937e-173a4871cee0}</UniqueIdentifier>
    </Filter>
    <Filter Include="Source Files\sim\lakescene\models">
      <UniqueIdentifier>{8521375a-7772-44db-b0d8-0922545ea8da}</UniqueIdentifier>
    </Filter>
    <Filter Include="Source Files\sim\lakescene\entities">
      <UniqueIdentifier>{69abffc2-f18d-409c-b371-6c52cdc81592}</UniqueIdentifier>
    </Filter>
    <Filter Include="Header Files\sim\lakescene\models">
      <UniqueIdentifier>{aec669d9-ebbb-4b11-90fb-ad0a87a91744}</UniqueIdentifier>
    </Filter>
    <Filter Include="Header Files\sim\lakescene\entities">
      <UniqueIdentifier>{5a66a094-373b-444c-b548-96a74dc363d3}</UniqueIdentifier>
    </Filter>
    <Filter Include="Header Files\model\proctree">
      <UniqueIdentifier>{33a16965-360f-4bfc-85ab-6d9700e88fe9}</UniqueIdentifier>
    </Filter>
    <Filter Include="Source Files\model\proctree">
      <UniqueIdentifier>{92dbf74e-20dc-4e6d-8f68-20259bbd9d61}</UniqueIdentifier>
    </Filter>
    <Filter Include="Header Files\view\rawentities">
      <UniqueIdentifier>{03a5b596-31fb-4b4e-9277-c4b390a5cbfa}</UniqueIdentifier>
    </Filter>
    <Filter Include="Source Files\view\rawentity">
      <UniqueIdentifier>{4386af04-6882-4f71-92b4-a3f2e2963adf}</UniqueIdentifier>
    </Filter>
    <Filter Include="Source Files\input">
      <UniqueIdentifier>{d171cb26-e353-4b07-9cde-a89a0fcf5064}</UniqueIdentifier>
    </Filter>
    <Filter Include="Header Files\view\grass">
      <UniqueIdentifier>{67cb70a6-aec5-4bd0-8b03-9e6a039b1392}</UniqueIdentifier>
    </Filter>
    <Filter Include="Header Files\util\surfacemask">
      <UniqueIdentifier>{77fe3090-81b1-4d73-b8af-97b92d82c93b}</UniqueIdentifier>
    </Filter>
    <Filter Include="Source Files\util\surfacemask">
      <UniqueIdentifier>{b9e27c78-a452-41ac-92c2-76845e7ca4bf}</UniqueIdentifier>
    </Filter>
    <Filter Include="Source Files\view\grass">
      <UniqueIdentifier>{811bcd22-ff84-4911-a2de-d59891dee200}</UniqueIdentifier>
    </Filter>
    <Filter Include="Header Files\model\specialgeo\heightfield">
      <UniqueIdentifier>{6317336e-9b21-40f4-aa26-0014f85fe20f}</UniqueIdentifier>
    </Filter>
    <Filter Include="Source Files\model\specialgeo\heightfield">
      <UniqueIdentifier>{2bd40b91-8e73-43a9-a231-2be1236d3402}</UniqueIdentifier>
    </Filter>
    <Filter Include="Header Files\util\math">
      <UniqueIdentifier>{2ccd4ed7-92cd-4165-8d71-9f9b06f9eba7}</UniqueIdentifier>
    </Filter>
    <Filter Include="Source Files\util\math">
      <UniqueIdentifier>{2c3cbee4-aa70-4002-9989-5bf67591aa2e}</UniqueIdentifier>
    </Filter>
    <Filter Include="Header Files\model\specialgeo\projection">
      <UniqueIdentifier>{60fdaaf3-562c-43a7-b95a-23d77c16b467}</UniqueIdentifier>
    </Filter>
    <Filter Include="Source Files\model\specialgeo\projection">
      <UniqueIdentifier>{9dd30b6a-2dc9-40e2-9d27-459d4e70a548}</UniqueIdentifier>
    </Filter>
  </ItemGroup>
  <ItemGroup>
    <ClCompile Include="src\glad.c">
      <Filter>Source Files</Filter>
    </ClCompile>
    <ClCompile Include="src\model\simplegeo\grid.cpp">
      <Filter>Source Files\model\geo</Filter>
    </ClCompile>
    <ClCompile Include="src\view\solidshader\solidshader.cpp">
      <Filter>Source Files\view\solidshader</Filter>
    </ClCompile>
    <ClCompile Include="src\util\io.cpp">
      <Filter>Source Files\util</Filter>
    </ClCompile>
    <ClCompile Include="src\view\solidshader\geo\grid.cpp">
      <Filter>Source Files\view\solidshader\geo</Filter>
    </ClCompile>
    <ClCompile Include="src\main.cpp">
      <Filter>Source Files</Filter>
    </ClCompile>
    <ClCompile Include="src\util\Logger.cpp">
      <Filter>Source Files\util</Filter>
    </ClCompile>
    <ClCompile Include="src\util\camera\StaticCamera.cpp">
      <Filter>Source Files\util\camera</Filter>
    </ClCompile>
    <ClCompile Include="src\model\geo\Line.cpp">
      <Filter>Source Files\model\geo</Filter>
    </ClCompile>
    <ClCompile Include="src\view\solidshader\geo\Line.cpp">
      <Filter>Source Files\view\solidshader\geo</Filter>
    </ClCompile>
    <ClCompile Include="src\view\solidshader\assets\importedgeo.cpp">
      <Filter>Source Files\view\solidshader\assets</Filter>
    </ClCompile>
    <ClCompile Include="src\view\solidshader\assets\computermonitor.cpp">
      <Filter>Source Files\view\solidshader\assets</Filter>
    </ClCompile>
    <ClCompile Include="src\model\specialgeo\metaball\boxboundedmetaballpath.cpp">
      <Filter>Source Files\model\specialgeo\metaball</Filter>
    </ClCompile>
    <ClCompile Include="src\model\specialgeo\metaball\metaball.cpp">
      <Filter>Source Files\model\specialgeo\metaball</Filter>
    </ClCompile>
    <ClCompile Include="src\model\geo\rectangle.cpp">
      <Filter>Source Files\model\geo</Filter>
    </ClCompile>
    <ClCompile Include="src\model\specialgeo\metaball\metaballgroup.cpp">
      <Filter>Source Files\model\specialgeo\metaball</Filter>
    </ClCompile>
    <ClCompile Include="src\model\geo\plane.cpp">
      <Filter>Source Files\model\geo</Filter>
    </ClCompile>
    <ClCompile Include="src\model\withworldtransform.cpp">
      <Filter>Source Files\model</Filter>
    </ClCompile>
    <ClCompile Include="src\view\special\metaball\phongshader.cpp">
      <Filter>Source Files\view\special\metaball</Filter>
    </ClCompile>
    <ClCompile Include="src\view\special\metaball\metaballgroup.cpp">
      <Filter>Source Files\view\special\metaball</Filter>
    </ClCompile>
    <ClCompile Include="src\model\specialgeo\metaball\debugmetaballgroup.cpp">
      <Filter>Source Files\model\specialgeo\metaball</Filter>
    </ClCompile>
    <ClCompile Include="src\view\shader.cpp">
      <Filter>Source Files\view</Filter>
    </ClCompile>
    <ClCompile Include="src\util\command\floatparser.cpp">
      <Filter>Source Files\util\command</Filter>
    </ClCompile>
    <ClCompile Include="src\util\command\vec3parser.cpp">
      <Filter>Source Files\util\command</Filter>
    </ClCompile>
    <ClCompile Include="src\sim\scene.cpp">
      <Filter>Source Files\sim</Filter>
    </ClCompile>
    <ClCompile Include="src\sim\lakescene\lakescene.cpp">
      <Filter>Source Files\sim\lakescene</Filter>
    </ClCompile>
    <ClCompile Include="src\model\light\directionallight.cpp">
      <Filter>Source Files\model\light</Filter>
    </ClCompile>
    <ClCompile Include="src\util\command\staticcameraparser.cpp">
      <Filter>Source Files\util\command</Filter>
    </ClCompile>
    <ClCompile Include="src\util\command\parserfactory.cpp">
      <Filter>Source Files\util\command</Filter>
    </ClCompile>
    <ClCompile Include="src\lodepng.cpp">
      <Filter>Source Files</Filter>
    </ClCompile>
    <ClCompile Include="src\view\terrainshader\terrainshader.cpp">
      <Filter>Source Files\view\terrainshader</Filter>
    </ClCompile>
    <ClCompile Include="src\view\texture.cpp">
      <Filter>Source Files\view</Filter>
    </ClCompile>
    <ClCompile Include="src\view\terrainshader\assets\importedgeo.cpp">
      <Filter>Source Files\view\terrainshader\assets</Filter>
    </ClCompile>
    <ClCompile Include="src\model\imagedata.cpp">
      <Filter>Source Files\model</Filter>
    </ClCompile>
    <ClCompile Include="src\util\command\quaternion.cpp">
      <Filter>Source Files\util\command</Filter>
    </ClCompile>
    <ClCompile Include="src\util\command\withworldtransformparser.cpp">
      <Filter>Source Files\util\command</Filter>
    </ClCompile>
    <ClCompile Include="src\util\command\directionallightparser.cpp">
      <Filter>Source Files\util\command</Filter>
    </ClCompile>
    <ClCompile Include="src\view\cubemap.cpp">
      <Filter>Source Files\view</Filter>
    </ClCompile>
    <ClCompile Include="src\view\special\skyboxshader.cpp">
      <Filter>Source Files\view\special</Filter>
    </ClCompile>
    <ClCompile Include="src\view\special\skybox\daylight.cpp">
      <Filter>Source Files\view\special\skybox</Filter>
    </ClCompile>
    <ClCompile Include="src\view\special\watersurface\watersurfaceshader.cpp">
      <Filter>Source Files\view\special\watersurface</Filter>
    </ClCompile>
    <ClCompile Include="src\view\special\watersurface\rectangle.cpp">
      <Filter>Source Files\view\special\watersurface</Filter>
    </ClCompile>
    <ClCompile Include="src\view\framebuffer.cpp">
      <Filter>Source Files\view</Filter>
    </ClCompile>
    <ClCompile Include="src\util\camera\camerabase.cpp">
      <Filter>Source Files\util\camera</Filter>
    </ClCompile>
    <ClCompile Include="src\util\camera\planarreflectioncamera.cpp">
      <Filter>Source Files\util\camera</Filter>
    </ClCompile>
    <ClCompile Include="src\util\camera\flightcamera.cpp">
      <Filter>Source Files\util\camera</Filter>
    </ClCompile>
    <ClCompile Include="src\view\special\watersurface\flatsurface.cpp">
      <Filter>Source Files\view\special\watersurface</Filter>
    </ClCompile>
    <ClCompile Include="src\util\command\waterflatsurface.cpp">
      <Filter>Source Files\util\command</Filter>
    </ClCompile>
    <ClCompile Include="src\view\mappedphong\mappedphongshader.cpp">
      <Filter>Source Files\view\mappedphong</Filter>
    </ClCompile>
    <ClCompile Include="src\view\mappedphong\assimpgeo.cpp">
      <Filter>Source Files\view\mappedphong</Filter>
    </ClCompile>
    <ClCompile Include="src\model\event\eventbase.cpp">
      <Filter>Source Files\model\event</Filter>
    </ClCompile>
    <ClCompile Include="src\sim\lakescene\shaders\tree.cpp">
      <Filter>Source Files\sim\lakescene\shaders</Filter>
    </ClCompile>
    <ClCompile Include="src\sim\lakescene\model\tree.cpp">
      <Filter>Source Files\sim\lakescene\models</Filter>
    </ClCompile>
    <ClCompile Include="src\sim\lakescene\entities\treeloader.cpp">
      <Filter>Source Files\sim\lakescene\entities</Filter>
    </ClCompile>
    <ClCompile Include="src\sim\lakescene\entities\tree.cpp">
      <Filter>Source Files\sim\lakescene\entities</Filter>
    </ClCompile>
    <ClCompile Include="src\view\genericassimploader.cpp">
      <Filter>Source Files\view</Filter>
    </ClCompile>
    <ClCompile Include="src\model\proctree\proctree.cpp">
      <Filter>Source Files\model\proctree</Filter>
    </ClCompile>
    <ClCompile Include="src\view\rawentities\proctree.cpp">
      <Filter>Source Files\view\rawentity</Filter>
    </ClCompile>
    <ClCompile Include="src\view\solidshader\genericsolidentity.cpp">
      <Filter>Source Files\view\solidshader</Filter>
    </ClCompile>
    <ClCompile Include="src\view\rawentities\heightmapterrain.cpp">
      <Filter>Source Files\view\rawentity</Filter>
    </ClCompile>
    <ClCompile Include="src\view\terrainshader\blendedterrainshader.cpp">
      <Filter>Source Files\view\terrainshader</Filter>
    </ClCompile>
    <ClCompile Include="src\view\terrainshader\assets\genericblendedterrainentity.cpp">
      <Filter>Source Files\view\terrainshader\assets</Filter>
    </ClCompile>
    <ClCompile Include="src\util\camera\heightmapcamera.cpp">
      <Filter>Source Files\util\camera</Filter>
    </ClCompile>
    <ClCompile Include="src\util\surfacemask\allenabledmask.cpp">
      <Filter>Source Files\util\surfacemask</Filter>
    </ClCompile>
    <ClCompile Include="src\model\specialgeo\heightfield\heightmapheightfield.cpp">
      <Filter>Source Files\model\specialgeo\heightfield</Filter>
    </ClCompile>
    <ClCompile Include="src\model\specialgeo\heightfield\reducedheightfield.cpp">
      <Filter>Source Files\model\specialgeo\heightfield</Filter>
    </ClCompile>
    <ClCompile Include="src\util\surfacemask\terrainmapcolormask.cpp">
      <Filter>Source Files\util\surfacemask</Filter>
    </ClCompile>
    <ClCompile Include="src\util\surfacemask\heighgtmapmask.cpp">
      <Filter>Source Files\util\surfacemask</Filter>
    </ClCompile>
    <ClCompile Include="src\util\surfacemask\combinationmask.cpp">
      <Filter>Source Files\util\surfacemask</Filter>
    </ClCompile>
    <ClCompile Include="src\view\grass\billboardgrassshader.cpp">
      <Filter>Source Files\view\grass</Filter>
    </ClCompile>
    <ClCompile Include="src\view\grass\billboardgrassentity.cpp">
      <Filter>Source Files\view\grass</Filter>
    </ClCompile>
    <ClCompile Include="src\model\geo\sphere.cpp">
      <Filter>Source Files\model\geo</Filter>
    </ClCompile>
    <ClCompile Include="src\model\geo\interaction.cpp">
      <Filter>Source Files\model\geo</Filter>
    </ClCompile>
    <ClCompile Include="src\view\grass\bladedgrasspatchshader.cpp">
      <Filter>Source Files\view\grass</Filter>
    </ClCompile>
    <ClCompile Include="src\input\gamepadcameracontroller.cpp">
      <Filter>Source Files\input</Filter>
    </ClCompile>
    <ClCompile Include="src\view\grass\bladedgrasspatchentity.cpp">
      <Filter>Source Files\view\grass</Filter>
    </ClCompile>
    <ClCompile Include="src\util\math\quadraticeaseout11.cpp">
      <Filter>Source Files\util\math</Filter>
    </ClCompile>
    <ClCompile Include="src\util\surfacemask\heightmapprobabilityfield.cpp">
      <Filter>Source Files\util\surfacemask</Filter>
    </ClCompile>
    <ClCompile Include="src\util\math\linear11.cpp">
      <Filter>Source Files\util\math</Filter>
    </ClCompile>
    <ClCompile Include="src\util\surfacemask\terrainmapcolorprobabilityfield.cpp">
      <Filter>Source Files\util\surfacemask</Filter>
    </ClCompile>
    <ClCompile Include="src\util\surfacemask\combinationprobabilityfield.cpp">
      <Filter>Source Files\util\surfacemask</Filter>
    </ClCompile>
    <ClCompile Include="src\model\specialgeo\projection\perspectiveprojection.cpp">
      <Filter>Source Files\model\specialgeo\projection</Filter>
    </ClCompile>
    <ClCompile Include="src\sim\lakescene\bladedgrass.cpp">
      <Filter>Source Files\sim\lakescene</Filter>
    </ClCompile>
    <ClCompile Include="src\util\pipelinestate.cpp">
      <Filter>Source Files\util</Filter>
    </ClCompile>
    <ClCompile Include="src\model\specialgeo\projection\orthographicprojection.cpp">
      <Filter>Source Files\model\specialgeo\projection</Filter>
    </ClCompile>
  </ItemGroup>
  <ItemGroup>
    <ClInclude Include="include\model\geo\grid.h">
      <Filter>Header Files\model\geo</Filter>
    </ClInclude>
    <ClInclude Include="include\view\solidshader\geo\grid.h">
      <Filter>Header Files\view\solidshader\geo</Filter>
    </ClInclude>
    <ClInclude Include="include\view\solidshader\solidshader.h">
      <Filter>Header Files\view\solidshader</Filter>
    </ClInclude>
    <ClInclude Include="include\resources.h">
      <Filter>Header Files</Filter>
    </ClInclude>
    <ClInclude Include="include\util\io.h">
      <Filter>Header Files\util</Filter>
    </ClInclude>
    <ClInclude Include="include\util\Logger.h">
      <Filter>Header Files\util</Filter>
    </ClInclude>
    <ClInclude Include="include\util\camera\StaticCamera.h">
      <Filter>Header Files\util\camera</Filter>
    </ClInclude>
    <ClInclude Include="include\view\solidshader\geo\Line.h">
      <Filter>Header Files\view\solidshader\geo</Filter>
    </ClInclude>
    <ClInclude Include="include\model\geo\Line.h">
      <Filter>Header Files\model\geo</Filter>
    </ClInclude>
    <ClInclude Include="include\view\solidshader\assets\importedgeo.h">
      <Filter>Header Files\view\solidshader\assets</Filter>
    </ClInclude>
    <ClInclude Include="include\view\solidshader\assets\computermonitor.h">
      <Filter>Header Files\view\solidshader\assets</Filter>
    </ClInclude>
    <ClInclude Include="include\model\specialgeo\metaball\charge.h">
      <Filter>Header Files\model\specialgeo\metaball</Filter>
    </ClInclude>
    <ClInclude Include="include\model\specialgeo\metaball\imetaballpath.h">
      <Filter>Header Files\model\specialgeo\metaball</Filter>
    </ClInclude>
    <ClInclude Include="include\model\specialgeo\metaball\boxboundedmetaballpath.h">
      <Filter>Header Files\model\specialgeo\metaball</Filter>
    </ClInclude>
    <ClInclude Include="include\model\specialgeo\metaball\metaballgroup.h">
      <Filter>Header Files\model\specialgeo\metaball</Filter>
    </ClInclude>
    <ClInclude Include="include\model\specialgeo\metaball\metaball.h">
      <Filter>Header Files\model\specialgeo\metaball</Filter>
    </ClInclude>
    <ClInclude Include="include\model\geo\rectangle.h">
      <Filter>Header Files\model\geo</Filter>
    </ClInclude>
    <ClInclude Include="include\model\geo\plane.h">
      <Filter>Header Files\model\geo</Filter>
    </ClInclude>
    <ClInclude Include="include\model\withworldtransform.h">
      <Filter>Header Files\model</Filter>
    </ClInclude>
    <ClInclude Include="include\view\special\metaball\phongshader.h">
      <Filter>Header Files\view\special\metaball</Filter>
    </ClInclude>
    <ClInclude Include="include\view\special\metaball\metaballgroup.h">
      <Filter>Header Files\view\special\metaball</Filter>
    </ClInclude>
    <ClInclude Include="include\model\specialgeo\metaball\debugmetaballgroup.h">
      <Filter>Header Files\model\specialgeo\metaball</Filter>
    </ClInclude>
    <ClInclude Include="include\sim\scene.h">
      <Filter>Header Files\sim</Filter>
    </ClInclude>
    <ClInclude Include="include\view\shader.h">
      <Filter>Header Files\view</Filter>
    </ClInclude>
    <ClInclude Include="include\util\pipelinestate.h">
      <Filter>Header Files\util</Filter>
    </ClInclude>
    <ClInclude Include="include\util\command\floatparser.h">
      <Filter>Header Files\util\command</Filter>
    </ClInclude>
    <ClInclude Include="include\util\command\icommandparser.h">
      <Filter>Header Files\util\command</Filter>
    </ClInclude>
    <ClInclude Include="include\util\command\vec3parser.h">
      <Filter>Header Files\util\command</Filter>
    </ClInclude>
    <ClInclude Include="include\util\command\parseablevalue.h">
      <Filter>Header Files\util\command</Filter>
    </ClInclude>
    <ClInclude Include="include\sim\lakescene\lakescene.h">
      <Filter>Header Files\sim\lakescene</Filter>
    </ClInclude>
    <ClInclude Include="include\model\light\directionallight.h">
      <Filter>Header Files\model\light</Filter>
    </ClInclude>
    <ClInclude Include="include\util\command\staticcameraparser.h">
      <Filter>Header Files\util\command</Filter>
    </ClInclude>
    <ClInclude Include="include\util\command\parserfactory.h">
      <Filter>Header Files\util\command</Filter>
    </ClInclude>
    <ClInclude Include="include\lodepng.h">
      <Filter>Header Files</Filter>
    </ClInclude>
    <ClInclude Include="include\view\terrainshader\terrainshader.h">
      <Filter>Header Files\view\terrainshader</Filter>
    </ClInclude>
    <ClInclude Include="include\view\texture.h">
      <Filter>Header Files\view</Filter>
    </ClInclude>
    <ClInclude Include="include\view\terrainshader\assets\importedgeo.h">
      <Filter>Header Files\view\terrainshader\assets</Filter>
    </ClInclude>
    <ClInclude Include="include\util\command\quaternion.h">
      <Filter>Header Files\util\command</Filter>
    </ClInclude>
    <ClInclude Include="include\util\command\withworldtransformparser.h">
      <Filter>Header Files\util\command</Filter>
    </ClInclude>
    <ClInclude Include="include\util\command\directionallightparser.h">
      <Filter>Header Files\util\command</Filter>
    </ClInclude>
    <ClInclude Include="include\model\imagedata.h">
      <Filter>Header Files\model</Filter>
    </ClInclude>
    <ClInclude Include="include\view\cubemap.h">
      <Filter>Header Files\view</Filter>
    </ClInclude>
    <ClInclude Include="include\view\special\skyboxshader.h">
      <Filter>Header Files\view\special</Filter>
    </ClInclude>
    <ClInclude Include="include\view\special\skybox\daylight.h">
      <Filter>Header Files\view\special\skybox</Filter>
    </ClInclude>
    <ClInclude Include="include\view\special\watersurface\watersurfaceshader.h">
      <Filter>Header Files\view\special\watersurface</Filter>
    </ClInclude>
    <ClInclude Include="include\view\special\watersurface\rectangle.h">
      <Filter>Header Files\view\special\watersurface</Filter>
    </ClInclude>
    <ClInclude Include="include\view\framebuffer.h">
      <Filter>Header Files\view</Filter>
    </ClInclude>
    <ClInclude Include="include\util\camera\camerabase.h">
      <Filter>Header Files\util\camera</Filter>
    </ClInclude>
    <ClInclude Include="include\util\camera\planarreflectioncamera.h">
      <Filter>Header Files\util\camera</Filter>
    </ClInclude>
    <ClInclude Include="include\model\specialgeo\water\ripple.h">
      <Filter>Header Files\model\specialgeo\water</Filter>
    </ClInclude>
    <ClInclude Include="include\util\camera\flightcamera.h">
      <Filter>Header Files\util\camera</Filter>
    </ClInclude>
    <ClInclude Include="include\view\special\watersurface\flatsurface.h">
      <Filter>Header Files\view\special\watersurface</Filter>
    </ClInclude>
    <ClInclude Include="include\util\command\waterflatsurface.h">
      <Filter>Header Files\util\command</Filter>
    </ClInclude>
    <ClInclude Include="include\view\mappedphong\mappedphongshader.h">
      <Filter>Header Files\view\mappedphong</Filter>
    </ClInclude>
    <ClInclude Include="include\view\mappedphong\assimpgeo.h">
      <Filter>Header Files\view\mappedphong</Filter>
    </ClInclude>
    <ClInclude Include="include\model\event\eventbase.h">
      <Filter>Header Files\model\event</Filter>
    </ClInclude>
    <ClInclude Include="include\sim\lakescene\shaders\tree.h">
      <Filter>Header Files\sim\lakescene\shaders</Filter>
    </ClInclude>
    <ClInclude Include="include\sim\lakescene\model\tree.h">
      <Filter>Header Files\sim\lakescene\models</Filter>
    </ClInclude>
    <ClInclude Include="include\sim\lakescene\entities\treeloader.h">
      <Filter>Header Files\sim\lakescene\entities</Filter>
    </ClInclude>
    <ClInclude Include="include\sim\lakescene\entities\tree.h">
      <Filter>Header Files\sim\lakescene\entities</Filter>
    </ClInclude>
    <ClInclude Include="include\view\GenericVertex.h">
      <Filter>Header Files\view</Filter>
    </ClInclude>
    <ClInclude Include="include\view\genericassmiploader.h">
      <Filter>Header Files\view</Filter>
    </ClInclude>
    <ClInclude Include="include\view\entity.h">
      <Filter>Header Files\view</Filter>
    </ClInclude>
    <ClInclude Include="include\model\proctree\proctree.h">
      <Filter>Header Files\model\proctree</Filter>
    </ClInclude>
    <ClInclude Include="include\view\rawentities\proctree.h">
      <Filter>Header Files\view\rawentities</Filter>
    </ClInclude>
    <ClInclude Include="include\view\solidshader\genericsolidentity.h">
      <Filter>Header Files\view\solidshader</Filter>
    </ClInclude>
    <ClInclude Include="include\view\rawentities\heightmapterrain.h">
      <Filter>Header Files\view\rawentities</Filter>
    </ClInclude>
    <ClInclude Include="include\model\specialgeo\heightfield.h">
      <Filter>Header Files\model\specialgeo</Filter>
    </ClInclude>
    <ClInclude Include="include\view\terrainshader\blendedterrainshader.h">
      <Filter>Header Files\view\terrainshader</Filter>
    </ClInclude>
    <ClInclude Include="include\view\terrainshader\assets\genericblendedterrainentity.h">
      <Filter>Header Files\view\terrainshader\assets</Filter>
    </ClInclude>
    <ClInclude Include="include\util\camera\heightmapcamera.h">
      <Filter>Header Files\util\camera</Filter>
    </ClInclude>
    <ClInclude Include="include\input\cameracontrollerbase.h">
      <Filter>Header Files\input</Filter>
    </ClInclude>
    <ClInclude Include="include\input\gamepadcameracontroller.h">
      <Filter>Header Files\input</Filter>
    </ClInclude>
    <ClInclude Include="include\util\surfacemaskbase.h">
      <Filter>Header Files\util\surfacemask</Filter>
    </ClInclude>
    <ClInclude Include="include\util\surfacemask\allenabledmask.h">
      <Filter>Header Files\util\surfacemask</Filter>
    </ClInclude>
    <ClInclude Include="include\model\specialgeo\heightfield\heightmapheightfield.h">
      <Filter>Header Files\model\specialgeo\heightfield</Filter>
    </ClInclude>
    <ClInclude Include="include\model\specialgeo\heightfield\reducedheightfield.h">
      <Filter>Header Files\model\specialgeo\heightfield</Filter>
    </ClInclude>
    <ClInclude Include="include\util\surfacemask\terrainmapcolormask.h">
      <Filter>Header Files\util\surfacemask</Filter>
    </ClInclude>
    <ClInclude Include="include\util\surfacemask\heightmapmask.h">
      <Filter>Header Files\util\surfacemask</Filter>
    </ClInclude>
    <ClInclude Include="include\util\surfacemask\combinationmask.h">
      <Filter>Header Files\util\surfacemask</Filter>
    </ClInclude>
    <ClInclude Include="include\view\grass\billboardgrassshader.h">
      <Filter>Header Files\view\grass</Filter>
    </ClInclude>
    <ClInclude Include="include\view\grass\billboardgrassentity.h">
      <Filter>Header Files\view\grass</Filter>
    </ClInclude>
    <ClInclude Include="include\model\geo\sphere.h">
      <Filter>Header Files\model\geo</Filter>
    </ClInclude>
    <ClInclude Include="include\model\geo\interactions.h">
      <Filter>Header Files\model\geo</Filter>
    </ClInclude>
    <ClInclude Include="include\view\grass\bladedgrasspatchentity.h">
      <Filter>Header Files\view\grass</Filter>
    </ClInclude>
    <ClInclude Include="include\model\withboundingsphere.h">
      <Filter>Header Files\model</Filter>
    </ClInclude>
    <ClInclude Include="include\view\grass\bladedgrasspatchshader.h">
      <Filter>Header Files\view\grass</Filter>
    </ClInclude>
    <ClInclude Include="include\view\uniformblockobject.h">
      <Filter>Header Files\view</Filter>
    </ClInclude>
    <ClInclude Include="include\util\surfacemask\surfaceprobabilityfieldbase.h">
      <Filter>Header Files\util\surfacemask</Filter>
    </ClInclude>
    <ClInclude Include="include\util\surfacemask\heightmapprobabilityfield.h">
      <Filter>Header Files\util\surfacemask</Filter>
    </ClInclude>
    <ClInclude Include="include\util\math\curve1to1.h">
      <Filter>Header Files\util\math</Filter>
    </ClInclude>
    <ClInclude Include="include\util\math\quadraticeaseout11.h">
      <Filter>Header Files\util\math</Filter>
    </ClInclude>
    <ClInclude Include="include\util\math\linear11.h">
      <Filter>Header Files\util\math</Filter>
    </ClInclude>
    <ClInclude Include="include\util\surfacemask\terrainmapcolorprobabilityfield.h">
      <Filter>Header Files\util\surfacemask</Filter>
    </ClInclude>
    <ClInclude Include="include\util\colorcomponentenum.h">
      <Filter>Header Files\util</Filter>
    </ClInclude>
    <ClInclude Include="include\util\surfacemask\combinationprobabilityfield.h">
      <Filter>Header Files\util\surfacemask</Filter>
    </ClInclude>
    <ClInclude Include="include\sim\lakescene\bladedgrass.h">
      <Filter>Header Files\sim\lakescene</Filter>
    </ClInclude>
    <ClInclude Include="include\util\threadpool.h">
      <Filter>Header Files\util</Filter>
    </ClInclude>
    <ClInclude Include="include\model\specialgeo\projection\projectionbase.h">
      <Filter>Header Files\model\specialgeo\projection</Filter>
    </ClInclude>
    <ClInclude Include="include\model\specialgeo\projection\perspectiveprojection.h">
      <Filter>Header Files\model\specialgeo\projection</Filter>
    </ClInclude>
    <ClInclude Include="include\model\specialgeo\projection\orthographicprojection.h">
      <Filter>Header Files\model\specialgeo\projection</Filter>
    </ClInclude>
  </ItemGroup>
  <ItemGroup>
    <None Include="shaders\metaball-phong.frag">
      <Filter>Resource Files\shaders</Filter>
    </None>
    <None Include="shaders\metaball-phong.vert">
      <Filter>Resource Files\shaders</Filter>
    </None>
    <None Include="shaders\solidshader.frag">
      <Filter>Resource Files\shaders</Filter>
    </None>
    <None Include="shaders\solidshader.vert">
      <Filter>Resource Files\shaders</Filter>
    </None>
    <None Include="shaders\terrain.frag">
      <Filter>Resource Files\shaders</Filter>
    </None>
    <None Include="shaders\terrain.vert">
      <Filter>Resource Files\shaders</Filter>
    </None>
    <None Include="shaders\skybox.vert">
      <Filter>Resource Files\shaders</Filter>
    </None>
    <None Include="shaders\skybox.frag">
      <Filter>Resource Files\shaders</Filter>
    </None>
    <None Include="shaders\watersurface.vert">
      <Filter>Resource Files\shaders</Filter>
    </None>
    <None Include="shaders\watersurface.frag">
      <Filter>Resource Files\shaders</Filter>
    </None>
    <None Include="shaders\mappedphong.vert">
      <Filter>Resource Files\shaders</Filter>
    </None>
    <None Include="shaders\mappedphong.frag">
      <Filter>Resource Files\shaders</Filter>
    </None>
    <None Include="shaders\tree.vert">
      <Filter>Resource Files\shaders</Filter>
    </None>
    <None Include="shaders\tree.frag">
      <Filter>Resource Files\shaders</Filter>
    </None>
    <None Include="shaders\blendedterrain.vert">
      <Filter>Resource Files\shaders</Filter>
    </None>
    <None Include="shaders\blendedterrain.frag">
      <Filter>Resource Files\shaders</Filter>
    </None>
    <None Include="shaders\grass.vert">
      <Filter>Resource Files\shaders</Filter>
    </None>
    <None Include="shaders\grass.geom">
      <Filter>Resource Files\shaders</Filter>
    </None>
    <None Include="shaders\grass.frag">
      <Filter>Resource Files\shaders</Filter>
    </None>
    <None Include="shaders\bladedgrass.vert">
      <Filter>Resource Files\shaders</Filter>
    </None>
    <None Include="shaders\bladedgrass.geom">
      <Filter>Resource Files\shaders</Filter>
    </None>
    <None Include="shaders\bladedgrass.frag">
      <Filter>Resource Files\shaders</Filter>
    </None>
  </ItemGroup>
</Project>